// !$*UTF8*$!
{
	archiveVersion = 1;
	classes = {
	};
	objectVersion = 50;
	objects = {

/* Begin PBXBuildFile section */
		A3670ED02151693500D049A8 /* YouTubePlayListTests.swift in Sources */ = {isa = PBXBuildFile; fileRef = A3670ECF2151693500D049A8 /* YouTubePlayListTests.swift */; };
		A3670EDB2151693500D049A8 /* YouTubePlayListUITests.swift in Sources */ = {isa = PBXBuildFile; fileRef = A3670EDA2151693500D049A8 /* YouTubePlayListUITests.swift */; };
		A3AB43FF2154A2970089D114 /* PlaylistItem.swift in Sources */ = {isa = PBXBuildFile; fileRef = A3AB43FE2154A2970089D114 /* PlaylistItem.swift */; };
		A3AB44032154C6E10089D114 /* ErrorResponse.swift in Sources */ = {isa = PBXBuildFile; fileRef = A3AB44022154C6E10089D114 /* ErrorResponse.swift */; };
		A3AB44082154DA230089D114 /* APIClient.swift in Sources */ = {isa = PBXBuildFile; fileRef = A3AB44072154DA230089D114 /* APIClient.swift */; };
		A3AB440F2154DAA40089D114 /* Assets.xcassets in Resources */ = {isa = PBXBuildFile; fileRef = A3AB440B2154DAA40089D114 /* Assets.xcassets */; };
		A3AB44102154DAA40089D114 /* Info.plist in Resources */ = {isa = PBXBuildFile; fileRef = A3AB440C2154DAA40089D114 /* Info.plist */; };
		A3AB44112154DAA40089D114 /* AppDelegate.swift in Sources */ = {isa = PBXBuildFile; fileRef = A3AB440D2154DAA40089D114 /* AppDelegate.swift */; };
		A3AB44162154DAD00089D114 /* LaunchScreen.storyboard in Resources */ = {isa = PBXBuildFile; fileRef = A3AB44122154DAD00089D114 /* LaunchScreen.storyboard */; };
		A3AB44172154DAD00089D114 /* Main.storyboard in Resources */ = {isa = PBXBuildFile; fileRef = A3AB44142154DAD00089D114 /* Main.storyboard */; };
		A3C4655A2152809E00EA3FAE /* PlayListVC.swift in Sources */ = {isa = PBXBuildFile; fileRef = A3C465592152809E00EA3FAE /* PlayListVC.swift */; };
		A3C4655E2152810500EA3FAE /* Constants.swift in Sources */ = {isa = PBXBuildFile; fileRef = A3C4655D2152810500EA3FAE /* Constants.swift */; };
		A3C4656021528C2400EA3FAE /* PlayListCell.swift in Sources */ = {isa = PBXBuildFile; fileRef = A3C4655F21528C2400EA3FAE /* PlayListCell.swift */; };
		ECEE39ECA9E102A4EBCEEFB7 /* Pods_YouTubePlayList.framework in Frameworks */ = {isa = PBXBuildFile; fileRef = 2C3CF56F87F0CB9EDE2EE047 /* Pods_YouTubePlayList.framework */; };
/* End PBXBuildFile section */

/* Begin PBXContainerItemProxy section */
		A3670ECC2151693500D049A8 /* PBXContainerItemProxy */ = {
			isa = PBXContainerItemProxy;
			containerPortal = A3670EAF2151693200D049A8 /* Project object */;
			proxyType = 1;
			remoteGlobalIDString = A3670EB62151693200D049A8;
			remoteInfo = YouTubePlayList;
		};
		A3670ED72151693500D049A8 /* PBXContainerItemProxy */ = {
			isa = PBXContainerItemProxy;
			containerPortal = A3670EAF2151693200D049A8 /* Project object */;
			proxyType = 1;
			remoteGlobalIDString = A3670EB62151693200D049A8;
			remoteInfo = YouTubePlayList;
		};
/* End PBXContainerItemProxy section */

/* Begin PBXFileReference section */
		104A75C7E70B858209C75FFA /* Pods-YouTubePlayList.release.xcconfig */ = {isa = PBXFileReference; includeInIndex = 1; lastKnownFileType = text.xcconfig; name = "Pods-YouTubePlayList.release.xcconfig"; path = "Pods/Target Support Files/Pods-YouTubePlayList/Pods-YouTubePlayList.release.xcconfig"; sourceTree = "<group>"; };
		2C3CF56F87F0CB9EDE2EE047 /* Pods_YouTubePlayList.framework */ = {isa = PBXFileReference; explicitFileType = wrapper.framework; includeInIndex = 0; path = Pods_YouTubePlayList.framework; sourceTree = BUILT_PRODUCTS_DIR; };
		870100164552C749C943F11C /* Pods-YouTubePlayList.debug.xcconfig */ = {isa = PBXFileReference; includeInIndex = 1; lastKnownFileType = text.xcconfig; name = "Pods-YouTubePlayList.debug.xcconfig"; path = "Pods/Target Support Files/Pods-YouTubePlayList/Pods-YouTubePlayList.debug.xcconfig"; sourceTree = "<group>"; };
		A3670EB72151693200D049A8 /* YouTubePlayList.app */ = {isa = PBXFileReference; explicitFileType = wrapper.application; includeInIndex = 0; path = YouTubePlayList.app; sourceTree = BUILT_PRODUCTS_DIR; };
		A3670ECB2151693500D049A8 /* YouTubePlayListTests.xctest */ = {isa = PBXFileReference; explicitFileType = wrapper.cfbundle; includeInIndex = 0; path = YouTubePlayListTests.xctest; sourceTree = BUILT_PRODUCTS_DIR; };
		A3670ECF2151693500D049A8 /* YouTubePlayListTests.swift */ = {isa = PBXFileReference; lastKnownFileType = sourcecode.swift; path = YouTubePlayListTests.swift; sourceTree = "<group>"; };
		A3670ED12151693500D049A8 /* Info.plist */ = {isa = PBXFileReference; lastKnownFileType = text.plist.xml; path = Info.plist; sourceTree = "<group>"; };
		A3670ED62151693500D049A8 /* YouTubePlayListUITests.xctest */ = {isa = PBXFileReference; explicitFileType = wrapper.cfbundle; includeInIndex = 0; path = YouTubePlayListUITests.xctest; sourceTree = BUILT_PRODUCTS_DIR; };
		A3670EDA2151693500D049A8 /* YouTubePlayListUITests.swift */ = {isa = PBXFileReference; lastKnownFileType = sourcecode.swift; path = YouTubePlayListUITests.swift; sourceTree = "<group>"; };
		A3670EDC2151693500D049A8 /* Info.plist */ = {isa = PBXFileReference; lastKnownFileType = text.plist.xml; path = Info.plist; sourceTree = "<group>"; };
		A3AB43FE2154A2970089D114 /* PlaylistItem.swift */ = {isa = PBXFileReference; lastKnownFileType = sourcecode.swift; path = PlaylistItem.swift; sourceTree = "<group>"; };
		A3AB44022154C6E10089D114 /* ErrorResponse.swift */ = {isa = PBXFileReference; lastKnownFileType = sourcecode.swift; path = ErrorResponse.swift; sourceTree = "<group>"; };
		A3AB44072154DA230089D114 /* APIClient.swift */ = {isa = PBXFileReference; fileEncoding = 4; lastKnownFileType = sourcecode.swift; name = APIClient.swift; path = YouTubePlayList/YTAPIClient/APIClient.swift; sourceTree = SOURCE_ROOT; };
		A3AB440B2154DAA40089D114 /* Assets.xcassets */ = {isa = PBXFileReference; lastKnownFileType = folder.assetcatalog; path = Assets.xcassets; sourceTree = "<group>"; };
		A3AB440C2154DAA40089D114 /* Info.plist */ = {isa = PBXFileReference; fileEncoding = 4; lastKnownFileType = text.plist.xml; path = Info.plist; sourceTree = "<group>"; };
		A3AB440D2154DAA40089D114 /* AppDelegate.swift */ = {isa = PBXFileReference; fileEncoding = 4; lastKnownFileType = sourcecode.swift; path = AppDelegate.swift; sourceTree = "<group>"; };
		A3AB44132154DAD00089D114 /* Base */ = {isa = PBXFileReference; lastKnownFileType = file.storyboard; name = Base; path = Base.lproj/LaunchScreen.storyboard; sourceTree = "<group>"; };
		A3AB44152154DAD00089D114 /* Base */ = {isa = PBXFileReference; lastKnownFileType = file.storyboard; name = Base; path = Base.lproj/Main.storyboard; sourceTree = "<group>"; };
		A3C465592152809E00EA3FAE /* PlayListVC.swift */ = {isa = PBXFileReference; lastKnownFileType = sourcecode.swift; path = PlayListVC.swift; sourceTree = "<group>"; };
		A3C4655D2152810500EA3FAE /* Constants.swift */ = {isa = PBXFileReference; lastKnownFileType = sourcecode.swift; path = Constants.swift; sourceTree = "<group>"; };
		A3C4655F21528C2400EA3FAE /* PlayListCell.swift */ = {isa = PBXFileReference; lastKnownFileType = sourcecode.swift; path = PlayListCell.swift; sourceTree = "<group>"; };
/* End PBXFileReference section */

/* Begin PBXFrameworksBuildPhase section */
		A3670EB42151693200D049A8 /* Frameworks */ = {
			isa = PBXFrameworksBuildPhase;
			buildActionMask = 2147483647;
			files = (
				ECEE39ECA9E102A4EBCEEFB7 /* Pods_YouTubePlayList.framework in Frameworks */,
			);
			runOnlyForDeploymentPostprocessing = 0;
		};
		A3670EC82151693500D049A8 /* Frameworks */ = {
			isa = PBXFrameworksBuildPhase;
			buildActionMask = 2147483647;
			files = (
			);
			runOnlyForDeploymentPostprocessing = 0;
		};
		A3670ED32151693500D049A8 /* Frameworks */ = {
			isa = PBXFrameworksBuildPhase;
			buildActionMask = 2147483647;
			files = (
			);
			runOnlyForDeploymentPostprocessing = 0;
		};
/* End PBXFrameworksBuildPhase section */

/* Begin PBXGroup section */
		3F68BD780715B7D5809288DE /* Frameworks */ = {
			isa = PBXGroup;
			children = (
				2C3CF56F87F0CB9EDE2EE047 /* Pods_YouTubePlayList.framework */,
			);
			name = Frameworks;
			sourceTree = "<group>";
		};
		5B90AA9DDFD798EC1CCE5904 /* Pods */ = {
			isa = PBXGroup;
			children = (
				870100164552C749C943F11C /* Pods-YouTubePlayList.debug.xcconfig */,
				104A75C7E70B858209C75FFA /* Pods-YouTubePlayList.release.xcconfig */,
			);
			name = Pods;
			sourceTree = "<group>";
		};
		A3670EAE2151693200D049A8 = {
			isa = PBXGroup;
			children = (
				A3670EB92151693200D049A8 /* YouTubePlayList */,
				A3670ECE2151693500D049A8 /* YouTubePlayListTests */,
				A3670ED92151693500D049A8 /* YouTubePlayListUITests */,
				A3670EB82151693200D049A8 /* Products */,
				5B90AA9DDFD798EC1CCE5904 /* Pods */,
				3F68BD780715B7D5809288DE /* Frameworks */,
			);
			sourceTree = "<group>";
		};
		A3670EB82151693200D049A8 /* Products */ = {
			isa = PBXGroup;
			children = (
				A3670EB72151693200D049A8 /* YouTubePlayList.app */,
				A3670ECB2151693500D049A8 /* YouTubePlayListTests.xctest */,
				A3670ED62151693500D049A8 /* YouTubePlayListUITests.xctest */,
			);
			name = Products;
			sourceTree = "<group>";
		};
		A3670EB92151693200D049A8 /* YouTubePlayList */ = {
			isa = PBXGroup;
			children = (
				A3AB44092154DA690089D114 /* Main */,
				A3AB44062154DA100089D114 /* YTAPIClient */,
				A3AB43FD2154A1C90089D114 /* Models */,
				A3C4655C215280E200EA3FAE /* Utils */,
				A3C4655B215280A700EA3FAE /* ViewControllers */,
			);
			path = YouTubePlayList;
			sourceTree = "<group>";
		};
		A3670ECE2151693500D049A8 /* YouTubePlayListTests */ = {
			isa = PBXGroup;
			children = (
				A3670ECF2151693500D049A8 /* YouTubePlayListTests.swift */,
				A3670ED12151693500D049A8 /* Info.plist */,
			);
			path = YouTubePlayListTests;
			sourceTree = "<group>";
		};
		A3670ED92151693500D049A8 /* YouTubePlayListUITests */ = {
			isa = PBXGroup;
			children = (
				A3670EDA2151693500D049A8 /* YouTubePlayListUITests.swift */,
				A3670EDC2151693500D049A8 /* Info.plist */,
			);
			path = YouTubePlayListUITests;
			sourceTree = "<group>";
		};
		A3AB43FD2154A1C90089D114 /* Models */ = {
			isa = PBXGroup;
			children = (
				A3AB43FE2154A2970089D114 /* PlaylistItem.swift */,
				A3AB44022154C6E10089D114 /* ErrorResponse.swift */,
			);
			path = Models;
			sourceTree = "<group>";
		};
		A3AB44062154DA100089D114 /* YTAPIClient */ = {
			isa = PBXGroup;
			children = (
				A3AB44072154DA230089D114 /* APIClient.swift */,
			);
			name = YTAPIClient;
			path = "New Group";
			sourceTree = "<group>";
		};
		A3AB44092154DA690089D114 /* Main */ = {
			isa = PBXGroup;
			children = (
				A3AB44122154DAD00089D114 /* LaunchScreen.storyboard */,
				A3AB44142154DAD00089D114 /* Main.storyboard */,
				A3AB440D2154DAA40089D114 /* AppDelegate.swift */,
				A3AB440B2154DAA40089D114 /* Assets.xcassets */,
				A3AB440C2154DAA40089D114 /* Info.plist */,
			);
			path = Main;
			sourceTree = "<group>";
		};
		A3C4655B215280A700EA3FAE /* ViewControllers */ = {
			isa = PBXGroup;
			children = (
				A3C465592152809E00EA3FAE /* PlayListVC.swift */,
				A3C4655F21528C2400EA3FAE /* PlayListCell.swift */,
			);
			path = ViewControllers;
			sourceTree = "<group>";
		};
		A3C4655C215280E200EA3FAE /* Utils */ = {
			isa = PBXGroup;
			children = (
				A3C4655D2152810500EA3FAE /* Constants.swift */,
			);
			path = Utils;
			sourceTree = "<group>";
		};
/* End PBXGroup section */

/* Begin PBXNativeTarget section */
		A3670EB62151693200D049A8 /* YouTubePlayList */ = {
			isa = PBXNativeTarget;
			buildConfigurationList = A3670EDF2151693500D049A8 /* Build configuration list for PBXNativeTarget "YouTubePlayList" */;
			buildPhases = (
				D610578169FB19DF26795B6F /* [CP] Check Pods Manifest.lock */,
				A3670EB32151693200D049A8 /* Sources */,
				A3670EB42151693200D049A8 /* Frameworks */,
				A3670EB52151693200D049A8 /* Resources */,
				05974FF747D851CEEF8AA81C /* [CP] Embed Pods Frameworks */,
				7C5E79069EB195E972F6620D /* [CP] Copy Pods Resources */,
			);
			buildRules = (
			);
			dependencies = (
			);
			name = YouTubePlayList;
			productName = YouTubePlayList;
			productReference = A3670EB72151693200D049A8 /* YouTubePlayList.app */;
			productType = "com.apple.product-type.application";
		};
		A3670ECA2151693500D049A8 /* YouTubePlayListTests */ = {
			isa = PBXNativeTarget;
			buildConfigurationList = A3670EE22151693500D049A8 /* Build configuration list for PBXNativeTarget "YouTubePlayListTests" */;
			buildPhases = (
				A3670EC72151693500D049A8 /* Sources */,
				A3670EC82151693500D049A8 /* Frameworks */,
				A3670EC92151693500D049A8 /* Resources */,
			);
			buildRules = (
			);
			dependencies = (
				A3670ECD2151693500D049A8 /* PBXTargetDependency */,
			);
			name = YouTubePlayListTests;
			productName = YouTubePlayListTests;
			productReference = A3670ECB2151693500D049A8 /* YouTubePlayListTests.xctest */;
			productType = "com.apple.product-type.bundle.unit-test";
		};
		A3670ED52151693500D049A8 /* YouTubePlayListUITests */ = {
			isa = PBXNativeTarget;
			buildConfigurationList = A3670EE52151693500D049A8 /* Build configuration list for PBXNativeTarget "YouTubePlayListUITests" */;
			buildPhases = (
				A3670ED22151693500D049A8 /* Sources */,
				A3670ED32151693500D049A8 /* Frameworks */,
				A3670ED42151693500D049A8 /* Resources */,
			);
			buildRules = (
			);
			dependencies = (
				A3670ED82151693500D049A8 /* PBXTargetDependency */,
			);
			name = YouTubePlayListUITests;
			productName = YouTubePlayListUITests;
			productReference = A3670ED62151693500D049A8 /* YouTubePlayListUITests.xctest */;
			productType = "com.apple.product-type.bundle.ui-testing";
		};
/* End PBXNativeTarget section */

/* Begin PBXProject section */
		A3670EAF2151693200D049A8 /* Project object */ = {
			isa = PBXProject;
			attributes = {
				LastSwiftUpdateCheck = 0940;
				LastUpgradeCheck = 0940;
				ORGANIZATIONNAME = nitesh;
				TargetAttributes = {
					A3670EB62151693200D049A8 = {
						CreatedOnToolsVersion = 9.4.1;
					};
					A3670ECA2151693500D049A8 = {
						CreatedOnToolsVersion = 9.4.1;
						TestTargetID = A3670EB62151693200D049A8;
					};
					A3670ED52151693500D049A8 = {
						CreatedOnToolsVersion = 9.4.1;
						TestTargetID = A3670EB62151693200D049A8;
					};
				};
			};
			buildConfigurationList = A3670EB22151693200D049A8 /* Build configuration list for PBXProject "YouTubePlayList" */;
			compatibilityVersion = "Xcode 9.3";
			developmentRegion = en;
			hasScannedForEncodings = 0;
			knownRegions = (
				en,
				Base,
			);
			mainGroup = A3670EAE2151693200D049A8;
			productRefGroup = A3670EB82151693200D049A8 /* Products */;
			projectDirPath = "";
			projectRoot = "";
			targets = (
				A3670EB62151693200D049A8 /* YouTubePlayList */,
				A3670ECA2151693500D049A8 /* YouTubePlayListTests */,
				A3670ED52151693500D049A8 /* YouTubePlayListUITests */,
			);
		};
/* End PBXProject section */

/* Begin PBXResourcesBuildPhase section */
		A3670EB52151693200D049A8 /* Resources */ = {
			isa = PBXResourcesBuildPhase;
			buildActionMask = 2147483647;
			files = (
				A3AB44162154DAD00089D114 /* LaunchScreen.storyboard in Resources */,
				A3AB440F2154DAA40089D114 /* Assets.xcassets in Resources */,
				A3AB44102154DAA40089D114 /* Info.plist in Resources */,
				A3AB44172154DAD00089D114 /* Main.storyboard in Resources */,
			);
			runOnlyForDeploymentPostprocessing = 0;
		};
		A3670EC92151693500D049A8 /* Resources */ = {
			isa = PBXResourcesBuildPhase;
			buildActionMask = 2147483647;
			files = (
			);
			runOnlyForDeploymentPostprocessing = 0;
		};
		A3670ED42151693500D049A8 /* Resources */ = {
			isa = PBXResourcesBuildPhase;
			buildActionMask = 2147483647;
			files = (
			);
			runOnlyForDeploymentPostprocessing = 0;
		};
/* End PBXResourcesBuildPhase section */

/* Begin PBXShellScriptBuildPhase section */
		05974FF747D851CEEF8AA81C /* [CP] Embed Pods Frameworks */ = {
			isa = PBXShellScriptBuildPhase;
			buildActionMask = 2147483647;
			files = (
			);
			inputPaths = (
				"${SRCROOT}/Pods/Target Support Files/Pods-YouTubePlayList/Pods-YouTubePlayList-frameworks.sh",
				"${BUILT_PRODUCTS_DIR}/Alamofire/Alamofire.framework",
				"${BUILT_PRODUCTS_DIR}/AlamofireImage/AlamofireImage.framework",
				"${BUILT_PRODUCTS_DIR}/MBProgressHUD/MBProgressHUD.framework",
			);
			name = "[CP] Embed Pods Frameworks";
			outputPaths = (
				"${TARGET_BUILD_DIR}/${FRAMEWORKS_FOLDER_PATH}/Alamofire.framework",
				"${TARGET_BUILD_DIR}/${FRAMEWORKS_FOLDER_PATH}/AlamofireImage.framework",
				"${TARGET_BUILD_DIR}/${FRAMEWORKS_FOLDER_PATH}/MBProgressHUD.framework",
			);
			runOnlyForDeploymentPostprocessing = 0;
			shellPath = /bin/sh;
			shellScript = "\"${SRCROOT}/Pods/Target Support Files/Pods-YouTubePlayList/Pods-YouTubePlayList-frameworks.sh\"\n";
			showEnvVarsInLog = 0;
		};
		7C5E79069EB195E972F6620D /* [CP] Copy Pods Resources */ = {
			isa = PBXShellScriptBuildPhase;
			buildActionMask = 2147483647;
			files = (
			);
			inputPaths = (
			);
			name = "[CP] Copy Pods Resources";
			outputPaths = (
			);
			runOnlyForDeploymentPostprocessing = 0;
			shellPath = /bin/sh;
			shellScript = "\"${SRCROOT}/Pods/Target Support Files/Pods-YouTubePlayList/Pods-YouTubePlayList-resources.sh\"\n";
			showEnvVarsInLog = 0;
		};
		D610578169FB19DF26795B6F /* [CP] Check Pods Manifest.lock */ = {
			isa = PBXShellScriptBuildPhase;
			buildActionMask = 2147483647;
			files = (
			);
			inputPaths = (
				"${PODS_PODFILE_DIR_PATH}/Podfile.lock",
				"${PODS_ROOT}/Manifest.lock",
			);
			name = "[CP] Check Pods Manifest.lock";
			outputPaths = (
				"$(DERIVED_FILE_DIR)/Pods-YouTubePlayList-checkManifestLockResult.txt",
			);
			runOnlyForDeploymentPostprocessing = 0;
			shellPath = /bin/sh;
			shellScript = "diff \"${PODS_PODFILE_DIR_PATH}/Podfile.lock\" \"${PODS_ROOT}/Manifest.lock\" > /dev/null\nif [ $? != 0 ] ; then\n    # print error to STDERR\n    echo \"error: The sandbox is not in sync with the Podfile.lock. Run 'pod install' or update your CocoaPods installation.\" >&2\n    exit 1\nfi\n# This output is used by Xcode 'outputs' to avoid re-running this script phase.\necho \"SUCCESS\" > \"${SCRIPT_OUTPUT_FILE_0}\"\n";
			showEnvVarsInLog = 0;
		};
/* End PBXShellScriptBuildPhase section */

/* Begin PBXSourcesBuildPhase section */
		A3670EB32151693200D049A8 /* Sources */ = {
			isa = PBXSourcesBuildPhase;
			buildActionMask = 2147483647;
			files = (
				A3C4655A2152809E00EA3FAE /* PlayListVC.swift in Sources */,
				A3AB44082154DA230089D114 /* APIClient.swift in Sources */,
				A3C4655E2152810500EA3FAE /* Constants.swift in Sources */,
				A3AB43FF2154A2970089D114 /* PlaylistItem.swift in Sources */,
				A3AB44112154DAA40089D114 /* AppDelegate.swift in Sources */,
				A3C4656021528C2400EA3FAE /* PlayListCell.swift in Sources */,
				A3AB44032154C6E10089D114 /* ErrorResponse.swift in Sources */,
			);
			runOnlyForDeploymentPostprocessing = 0;
		};
		A3670EC72151693500D049A8 /* Sources */ = {
			isa = PBXSourcesBuildPhase;
			buildActionMask = 2147483647;
			files = (
				A3670ED02151693500D049A8 /* YouTubePlayListTests.swift in Sources */,
			);
			runOnlyForDeploymentPostprocessing = 0;
		};
		A3670ED22151693500D049A8 /* Sources */ = {
			isa = PBXSourcesBuildPhase;
			buildActionMask = 2147483647;
			files = (
				A3670EDB2151693500D049A8 /* YouTubePlayListUITests.swift in Sources */,
			);
			runOnlyForDeploymentPostprocessing = 0;
		};
/* End PBXSourcesBuildPhase section */

/* Begin PBXTargetDependency section */
		A3670ECD2151693500D049A8 /* PBXTargetDependency */ = {
			isa = PBXTargetDependency;
			target = A3670EB62151693200D049A8 /* YouTubePlayList */;
			targetProxy = A3670ECC2151693500D049A8 /* PBXContainerItemProxy */;
		};
		A3670ED82151693500D049A8 /* PBXTargetDependency */ = {
			isa = PBXTargetDependency;
			target = A3670EB62151693200D049A8 /* YouTubePlayList */;
			targetProxy = A3670ED72151693500D049A8 /* PBXContainerItemProxy */;
		};
/* End PBXTargetDependency section */

/* Begin PBXVariantGroup section */
		A3AB44122154DAD00089D114 /* LaunchScreen.storyboard */ = {
			isa = PBXVariantGroup;
			children = (
				A3AB44132154DAD00089D114 /* Base */,
			);
			name = LaunchScreen.storyboard;
			sourceTree = "<group>";
		};
		A3AB44142154DAD00089D114 /* Main.storyboard */ = {
			isa = PBXVariantGroup;
			children = (
				A3AB44152154DAD00089D114 /* Base */,
			);
			name = Main.storyboard;
			sourceTree = "<group>";
		};
/* End PBXVariantGroup section */

/* Begin XCBuildConfiguration section */
		A3670EDD2151693500D049A8 /* Debug */ = {
			isa = XCBuildConfiguration;
			buildSettings = {
				ALWAYS_SEARCH_USER_PATHS = NO;
				CLANG_ANALYZER_NONNULL = YES;
				CLANG_ANALYZER_NUMBER_OBJECT_CONVERSION = YES_AGGRESSIVE;
				CLANG_CXX_LANGUAGE_STANDARD = "gnu++14";
				CLANG_CXX_LIBRARY = "libc++";
				CLANG_ENABLE_MODULES = YES;
				CLANG_ENABLE_OBJC_ARC = YES;
				CLANG_ENABLE_OBJC_WEAK = YES;
				CLANG_WARN_BLOCK_CAPTURE_AUTORELEASING = YES;
				CLANG_WARN_BOOL_CONVERSION = YES;
				CLANG_WARN_COMMA = YES;
				CLANG_WARN_CONSTANT_CONVERSION = YES;
				CLANG_WARN_DEPRECATED_OBJC_IMPLEMENTATIONS = YES;
				CLANG_WARN_DIRECT_OBJC_ISA_USAGE = YES_ERROR;
				CLANG_WARN_DOCUMENTATION_COMMENTS = YES;
				CLANG_WARN_EMPTY_BODY = YES;
				CLANG_WARN_ENUM_CONVERSION = YES;
				CLANG_WARN_INFINITE_RECURSION = YES;
				CLANG_WARN_INT_CONVERSION = YES;
				CLANG_WARN_NON_LITERAL_NULL_CONVERSION = YES;
				CLANG_WARN_OBJC_IMPLICIT_RETAIN_SELF = YES;
				CLANG_WARN_OBJC_LITERAL_CONVERSION = YES;
				CLANG_WARN_OBJC_ROOT_CLASS = YES_ERROR;
				CLANG_WARN_RANGE_LOOP_ANALYSIS = YES;
				CLANG_WARN_STRICT_PROTOTYPES = YES;
				CLANG_WARN_SUSPICIOUS_MOVE = YES;
				CLANG_WARN_UNGUARDED_AVAILABILITY = YES_AGGRESSIVE;
				CLANG_WARN_UNREACHABLE_CODE = YES;
				CLANG_WARN__DUPLICATE_METHOD_MATCH = YES;
				CODE_SIGN_IDENTITY = "iPhone Developer";
				COPY_PHASE_STRIP = NO;
				DEBUG_INFORMATION_FORMAT = dwarf;
				ENABLE_STRICT_OBJC_MSGSEND = YES;
				ENABLE_TESTABILITY = YES;
				GCC_C_LANGUAGE_STANDARD = gnu11;
				GCC_DYNAMIC_NO_PIC = NO;
				GCC_NO_COMMON_BLOCKS = YES;
				GCC_OPTIMIZATION_LEVEL = 0;
				GCC_PREPROCESSOR_DEFINITIONS = (
					"DEBUG=1",
					"$(inherited)",
				);
				GCC_WARN_64_TO_32_BIT_CONVERSION = YES;
				GCC_WARN_ABOUT_RETURN_TYPE = YES_ERROR;
				GCC_WARN_UNDECLARED_SELECTOR = YES;
				GCC_WARN_UNINITIALIZED_AUTOS = YES_AGGRESSIVE;
				GCC_WARN_UNUSED_FUNCTION = YES;
				GCC_WARN_UNUSED_VARIABLE = YES;
				IPHONEOS_DEPLOYMENT_TARGET = 11.4;
				MTL_ENABLE_DEBUG_INFO = YES;
				ONLY_ACTIVE_ARCH = YES;
				SDKROOT = iphoneos;
				SWIFT_ACTIVE_COMPILATION_CONDITIONS = DEBUG;
				SWIFT_OPTIMIZATION_LEVEL = "-Onone";
			};
			name = Debug;
		};
		A3670EDE2151693500D049A8 /* Release */ = {
			isa = XCBuildConfiguration;
			buildSettings = {
				ALWAYS_SEARCH_USER_PATHS = NO;
				CLANG_ANALYZER_NONNULL = YES;
				CLANG_ANALYZER_NUMBER_OBJECT_CONVERSION = YES_AGGRESSIVE;
				CLANG_CXX_LANGUAGE_STANDARD = "gnu++14";
				CLANG_CXX_LIBRARY = "libc++";
				CLANG_ENABLE_MODULES = YES;
				CLANG_ENABLE_OBJC_ARC = YES;
				CLANG_ENABLE_OBJC_WEAK = YES;
				CLANG_WARN_BLOCK_CAPTURE_AUTORELEASING = YES;
				CLANG_WARN_BOOL_CONVERSION = YES;
				CLANG_WARN_COMMA = YES;
				CLANG_WARN_CONSTANT_CONVERSION = YES;
				CLANG_WARN_DEPRECATED_OBJC_IMPLEMENTATIONS = YES;
				CLANG_WARN_DIRECT_OBJC_ISA_USAGE = YES_ERROR;
				CLANG_WARN_DOCUMENTATION_COMMENTS = YES;
				CLANG_WARN_EMPTY_BODY = YES;
				CLANG_WARN_ENUM_CONVERSION = YES;
				CLANG_WARN_INFINITE_RECURSION = YES;
				CLANG_WARN_INT_CONVERSION = YES;
				CLANG_WARN_NON_LITERAL_NULL_CONVERSION = YES;
				CLANG_WARN_OBJC_IMPLICIT_RETAIN_SELF = YES;
				CLANG_WARN_OBJC_LITERAL_CONVERSION = YES;
				CLANG_WARN_OBJC_ROOT_CLASS = YES_ERROR;
				CLANG_WARN_RANGE_LOOP_ANALYSIS = YES;
				CLANG_WARN_STRICT_PROTOTYPES = YES;
				CLANG_WARN_SUSPICIOUS_MOVE = YES;
				CLANG_WARN_UNGUARDED_AVAILABILITY = YES_AGGRESSIVE;
				CLANG_WARN_UNREACHABLE_CODE = YES;
				CLANG_WARN__DUPLICATE_METHOD_MATCH = YES;
				CODE_SIGN_IDENTITY = "iPhone Developer";
				COPY_PHASE_STRIP = NO;
				DEBUG_INFORMATION_FORMAT = "dwarf-with-dsym";
				ENABLE_NS_ASSERTIONS = NO;
				ENABLE_STRICT_OBJC_MSGSEND = YES;
				GCC_C_LANGUAGE_STANDARD = gnu11;
				GCC_NO_COMMON_BLOCKS = YES;
				GCC_WARN_64_TO_32_BIT_CONVERSION = YES;
				GCC_WARN_ABOUT_RETURN_TYPE = YES_ERROR;
				GCC_WARN_UNDECLARED_SELECTOR = YES;
				GCC_WARN_UNINITIALIZED_AUTOS = YES_AGGRESSIVE;
				GCC_WARN_UNUSED_FUNCTION = YES;
				GCC_WARN_UNUSED_VARIABLE = YES;
				IPHONEOS_DEPLOYMENT_TARGET = 11.4;
				MTL_ENABLE_DEBUG_INFO = NO;
				SDKROOT = iphoneos;
				SWIFT_COMPILATION_MODE = wholemodule;
				SWIFT_OPTIMIZATION_LEVEL = "-O";
				VALIDATE_PRODUCT = YES;
			};
			name = Release;
		};
		A3670EE02151693500D049A8 /* Debug */ = {
			isa = XCBuildConfiguration;
			baseConfigurationReference = 870100164552C749C943F11C /* Pods-YouTubePlayList.debug.xcconfig */;
			buildSettings = {
				ASSETCATALOG_COMPILER_APPICON_NAME = AppIcon;
				CODE_SIGN_STYLE = Automatic;
				DEVELOPMENT_TEAM = WY25JZ5T88;
				INFOPLIST_FILE = YouTubePlayList/Main/Info.plist;
				LD_RUNPATH_SEARCH_PATHS = (
					"$(inherited)",
					"@executable_path/Frameworks",
				);
				PRODUCT_BUNDLE_IDENTIFIER = com.nitesh.YouTubePlayList;
				PRODUCT_NAME = "$(TARGET_NAME)";
				SWIFT_VERSION = 4.0;
				TARGETED_DEVICE_FAMILY = "1,2";
			};
			name = Debug;
		};
		A3670EE12151693500D049A8 /* Release */ = {
			isa = XCBuildConfiguration;
			baseConfigurationReference = 104A75C7E70B858209C75FFA /* Pods-YouTubePlayList.release.xcconfig */;
			buildSettings = {
				ASSETCATALOG_COMPILER_APPICON_NAME = AppIcon;
				CODE_SIGN_STYLE = Automatic;
				DEVELOPMENT_TEAM = WY25JZ5T88;
				INFOPLIST_FILE = YouTubePlayList/Main/Info.plist;
				LD_RUNPATH_SEARCH_PATHS = (
					"$(inherited)",
					"@executable_path/Frameworks",
				);
				PRODUCT_BUNDLE_IDENTIFIER = com.nitesh.YouTubePlayList;
				PRODUCT_NAME = "$(TARGET_NAME)";
				SWIFT_VERSION = 4.0;
				TARGETED_DEVICE_FAMILY = "1,2";
			};
			name = Release;
		};
		A3670EE32151693500D049A8 /* Debug */ = {
			isa = XCBuildConfiguration;
			buildSettings = {
				ALWAYS_EMBED_SWIFT_STANDARD_LIBRARIES = YES;
				BUNDLE_LOADER = "$(TEST_HOST)";
				CODE_SIGN_STYLE = Automatic;
				DEVELOPMENT_TEAM = WY25JZ5T88;
				INFOPLIST_FILE = YouTubePlayListTests/Info.plist;
				LD_RUNPATH_SEARCH_PATHS = (
					"$(inherited)",
					"@executable_path/Frameworks",
					"@loader_path/Frameworks",
				);
				PRODUCT_BUNDLE_IDENTIFIER = com.nitesh.YouTubePlayListTests;
				PRODUCT_NAME = "$(TARGET_NAME)";
				SWIFT_VERSION = 4.0;
				TARGETED_DEVICE_FAMILY = "1,2";
				TEST_HOST = "$(BUILT_PRODUCTS_DIR)/YouTubePlayList.app/YouTubePlayList";
			};
			name = Debug;
		};
		A3670EE42151693500D049A8 /* Release */ = {
			isa = XCBuildConfiguration;
			buildSettings = {
				ALWAYS_EMBED_SWIFT_STANDARD_LIBRARIES = YES;
				BUNDLE_LOADER = "$(TEST_HOST)";
				CODE_SIGN_STYLE = Automatic;
				DEVELOPMENT_TEAM = WY25JZ5T88;
				INFOPLIST_FILE = YouTubePlayListTests/Info.plist;
				LD_RUNPATH_SEARCH_PATHS = (
					"$(inherited)",
					"@executable_path/Frameworks",
					"@loader_path/Frameworks",
				);
				PRODUCT_BUNDLE_IDENTIFIER = com.nitesh.YouTubePlayListTests;
				PRODUCT_NAME = "$(TARGET_NAME)";
				SWIFT_VERSION = 4.0;
				TARGETED_DEVICE_FAMILY = "1,2";
				TEST_HOST = "$(BUILT_PRODUCTS_DIR)/YouTubePlayList.app/YouTubePlayList";
			};
			name = Release;
		};
		A3670EE62151693500D049A8 /* Debug */ = {
			isa = XCBuildConfiguration;
			buildSettings = {
				ALWAYS_EMBED_SWIFT_STANDARD_LIBRARIES = YES;
				CODE_SIGN_STYLE = Automatic;
				DEVELOPMENT_TEAM = WY25JZ5T88;
				INFOPLIST_FILE = YouTubePlayListUITests/Info.plist;
				LD_RUNPATH_SEARCH_PATHS = (
					"$(inherited)",
					"@executable_path/Frameworks",
					"@loader_path/Frameworks",
				);
				PRODUCT_BUNDLE_IDENTIFIER = com.nitesh.YouTubePlayListUITests;
				PRODUCT_NAME = "$(TARGET_NAME)";
				SWIFT_VERSION = 4.0;
				TARGETED_DEVICE_FAMILY = "1,2";
				TEST_TARGET_NAME = YouTubePlayList;
			};
			name = Debug;
		};
		A3670EE72151693500D049A8 /* Release */ = {
			isa = XCBuildConfiguration;
			buildSettings = {
				ALWAYS_EMBED_SWIFT_STANDARD_LIBRARIES = YES;
				CODE_SIGN_STYLE = Automatic;
				DEVELOPMENT_TEAM = WY25JZ5T88;
				INFOPLIST_FILE = YouTubePlayListUITests/Info.plist;
				LD_RUNPATH_SEARCH_PATHS = (
					"$(inherited)",
					"@executable_path/Frameworks",
					"@loader_path/Frameworks",
				);
				PRODUCT_BUNDLE_IDENTIFIER = com.nitesh.YouTubePlayListUITests;
				PRODUCT_NAME = "$(TARGET_NAME)";
				SWIFT_VERSION = 4.0;
				TARGETED_DEVICE_FAMILY = "1,2";
				TEST_TARGET_NAME = YouTubePlayList;
			};
			name = Release;
		};
/* End XCBuildConfiguration section */

/* Begin XCConfigurationList section */
		A3670EB22151693200D049A8 /* Build configuration list for PBXProject "YouTubePlayList" */ = {
			isa = XCConfigurationList;
			buildConfigurations = (
				A3670EDD2151693500D049A8 /* Debug */,
				A3670EDE2151693500D049A8 /* Release */,
			);
			defaultConfigurationIsVisible = 0;
			defaultConfigurationName = Release;
		};
		A3670EDF2151693500D049A8 /* Build configuration list for PBXNativeTarget "YouTubePlayList" */ = {
			isa = XCConfigurationList;
			buildConfigurations = (
				A3670EE02151693500D049A8 /* Debug */,
				A3670EE12151693500D049A8 /* Release */,
			);
			defaultConfigurationIsVisible = 0;
			defaultConfigurationName = Release;
		};
		A3670EE22151693500D049A8 /* Build configuration list for PBXNativeTarget "YouTubePlayListTests" */ = {
			isa = XCConfigurationList;
			buildConfigurations = (
				A3670EE32151693500D049A8 /* Debug */,
				A3670EE42151693500D049A8 /* Release */,
			);
			defaultConfigurationIsVisible = 0;
			defaultConfigurationName = Release;
		};
		A3670EE52151693500D049A8 /* Build configuration list for PBXNativeTarget "YouTubePlayListUITests" */ = {
			isa = XCConfigurationList;
			buildConfigurations = (
				A3670EE62151693500D049A8 /* Debug */,
				A3670EE72151693500D049A8 /* Release */,
			);
			defaultConfigurationIsVisible = 0;
			defaultConfigurationName = Release;
		};
/* End XCConfigurationList section */
	};
	rootObject = A3670EAF2151693200D049A8 /* Project object */;
}
